{
	"name": "fixinator-gui-assets",
	"requires": true,
	"lockfileVersion": 1,
	"dependencies": {
		"ace-builds": {
			"version": "1.4.11",
			"resolved": "https://registry.npmjs.org/ace-builds/-/ace-builds-1.4.11.tgz",
			"integrity": "sha512-keACH1d7MvAh72fE/us36WQzOFQPJbHphNpj33pXwVZOM84pTWcdFzIAvngxOGIGLTm7gtUP2eJ4Ku6VaPo8bw=="
		},
		"ace-diff": {
			"version": "2.3.0",
			"resolved": "https://registry.npmjs.org/ace-diff/-/ace-diff-2.3.0.tgz",
			"integrity": "sha512-K1D+irpIVAJfAPFeKLoRZTm4X7Dn/nvM7Kk4Ptfi3D++pxeZ/2uHmvDMKP4xaAVk/IdYR07dy69NOhMn5ylwAg==",
			"requires": {
				"diff-match-patch": "^1.0.0",
				"lodash": "^4.17.4"
			}
		},
		"bootstrap-material-design": {
			"version": "4.1.3",
			"resolved": "https://registry.npmjs.org/bootstrap-material-design/-/bootstrap-material-design-4.1.3.tgz",
			"integrity": "sha512-jOB9io76BKLxwF+IAgObFH9f88ityqOiYsQe9Aa8m88h7sSP3eFL1K8ygb0FsYyIiVm194iodg9i4GMOSlLeRA=="
		},
		"diff-match-patch": {
			"version": "1.0.5",
			"resolved": "https://registry.npmjs.org/diff-match-patch/-/diff-match-patch-1.0.5.tgz",
			"integrity": "sha512-IayShXAgj/QMXgB0IWmKx+rOPuGMhqm5w6jvFxmVenXKIzRqTAAsbBPT3kWQeGANj3jGgvcvv4yK6SxqYmikgw=="
		},
		"jquery": {
			"version": "3.5.1",
			"resolved": "https://registry.npmjs.org/jquery/-/jquery-3.5.1.tgz",
			"integrity": "sha512-XwIBPqcMn57FxfT+Go5pzySnm4KWkT1Tv7gjrpT1srtf8Weynl6R273VJ5GjkRb51IzMp5nbaPjJXMWeju2MKg=="
		},
		"lodash": {
			"version": "4.17.15",
			"resolved": "https://registry.npmjs.org/lodash/-/lodash-4.17.15.tgz",
			"integrity": "sha512-8xOcRHvCjnocdS5cpwXQXVzmmh5e5+saE2QGoeQmbKmRS6J3VQppPOIt0MnmE+4xlZoumy0GPG0D0MVIQbNA1A=="
		},
		"popper.js": {
			"version": "1.16.1",
			"resolved": "https://registry.npmjs.org/popper.js/-/popper.js-1.16.1.tgz",
			"integrity": "sha512-Wb4p1J4zyFTbM+u6WuO4XstYx4Ky9Cewe4DWrel7B0w6VVICvPwdOpotjzcf6eD8TsckVnIMNONQyPIUFOUbCQ=="
		},
		"roboto-fontface": {
			"version": "0.10.0",
			"resolved": "https://registry.npmjs.org/roboto-fontface/-/roboto-fontface-0.10.0.tgz",
			"integrity": "sha512-OlwfYEgA2RdboZohpldlvJ1xngOins5d7ejqnIBWr9KaMxsnBqotpptRXTyfNRLnFpqzX6sTDt+X+a+6udnU8g=="
		}
	}
}
